
Microsoft Visual Studio Solution File, Format Version 12.00
# Visual Studio Version 17
VisualStudioVersion = 17.0.31903.59
MinimumVisualStudioVersion = 10.0.40219.1
Project("{FAE04EC0-301F-11D3-BF4B-00C04F79EFBC}") = "temporal-worker", "temporal-worker\temporal-worker.csproj", "{B69763A9-8B0D-4B42-9CBF-E67F599776EE}"
EndProject
Project("{FAE04EC0-301F-11D3-BF4B-00C04F79EFBC}") = "workflows", "workflows\workflows.csproj", "{B4BD5502-D3E4-4984-ABC9-36CF0FC09826}"
EndProject
Project("{E53339B2-1760-4266-BCC7-CA923CBCF16C}") = "docker-compose", "docker-compose.dcproj", "{81DDED9D-158B-E303-5F62-77A2896D2A5A}"
EndProject
Project("{2150E333-8FDC-42A3-9474-1A3956D46DE8}") = "Solution Items", "Solution Items", "{8EC462FD-D22E-90A8-E5CE-7E832BA40C5D}"
	ProjectSection(SolutionItems) = preProject
		..\README.md = ..\README.md
	EndProjectSection
EndProject
Global
	GlobalSection(SolutionConfigurationPlatforms) = preSolution
		Debug|Any CPU = Debug|Any CPU
		Debug|x64 = Debug|x64
		Debug|x86 = Debug|x86
		Release|Any CPU = Release|Any CPU
		Release|x64 = Release|x64
		Release|x86 = Release|x86
	EndGlobalSection
	GlobalSection(ProjectConfigurationPlatforms) = postSolution
		{B69763A9-8B0D-4B42-9CBF-E67F599776EE}.Debug|Any CPU.ActiveCfg = Debug|Any CPU
		{B69763A9-8B0D-4B42-9CBF-E67F599776EE}.Debug|Any CPU.Build.0 = Debug|Any CPU
		{B69763A9-8B0D-4B42-9CBF-E67F599776EE}.Debug|x64.ActiveCfg = Debug|Any CPU
		{B69763A9-8B0D-4B42-9CBF-E67F599776EE}.Debug|x64.Build.0 = Debug|Any CPU
		{B69763A9-8B0D-4B42-9CBF-E67F599776EE}.Debug|x86.ActiveCfg = Debug|Any CPU
		{B69763A9-8B0D-4B42-9CBF-E67F599776EE}.Debug|x86.Build.0 = Debug|Any CPU
		{B69763A9-8B0D-4B42-9CBF-E67F599776EE}.Release|Any CPU.ActiveCfg = Release|Any CPU
		{B69763A9-8B0D-4B42-9CBF-E67F599776EE}.Release|Any CPU.Build.0 = Release|Any CPU
		{B69763A9-8B0D-4B42-9CBF-E67F599776EE}.Release|x64.ActiveCfg = Release|Any CPU
		{B69763A9-8B0D-4B42-9CBF-E67F599776EE}.Release|x64.Build.0 = Release|Any CPU
		{B69763A9-8B0D-4B42-9CBF-E67F599776EE}.Release|x86.ActiveCfg = Release|Any CPU
		{B69763A9-8B0D-4B42-9CBF-E67F599776EE}.Release|x86.Build.0 = Release|Any CPU
		{B4BD5502-D3E4-4984-ABC9-36CF0FC09826}.Debug|Any CPU.ActiveCfg = Debug|Any CPU
		{B4BD5502-D3E4-4984-ABC9-36CF0FC09826}.Debug|Any CPU.Build.0 = Debug|Any CPU
		{B4BD5502-D3E4-4984-ABC9-36CF0FC09826}.Debug|x64.ActiveCfg = Debug|Any CPU
		{B4BD5502-D3E4-4984-ABC9-36CF0FC09826}.Debug|x64.Build.0 = Debug|Any CPU
		{B4BD5502-D3E4-4984-ABC9-36CF0FC09826}.Debug|x86.ActiveCfg = Debug|Any CPU
		{B4BD5502-D3E4-4984-ABC9-36CF0FC09826}.Debug|x86.Build.0 = Debug|Any CPU
		{B4BD5502-D3E4-4984-ABC9-36CF0FC09826}.Release|Any CPU.ActiveCfg = Release|Any CPU
		{B4BD5502-D3E4-4984-ABC9-36CF0FC09826}.Release|Any CPU.Build.0 = Release|Any CPU
		{B4BD5502-D3E4-4984-ABC9-36CF0FC09826}.Release|x64.ActiveCfg = Release|Any CPU
		{B4BD5502-D3E4-4984-ABC9-36CF0FC09826}.Release|x64.Build.0 = Release|Any CPU
		{B4BD5502-D3E4-4984-ABC9-36CF0FC09826}.Release|x86.ActiveCfg = Release|Any CPU
		{B4BD5502-D3E4-4984-ABC9-36CF0FC09826}.Release|x86.Build.0 = Release|Any CPU
		{81DDED9D-158B-E303-5F62-77A2896D2A5A}.Debug|Any CPU.ActiveCfg = Debug|Any CPU
		{81DDED9D-158B-E303-5F62-77A2896D2A5A}.Debug|Any CPU.Build.0 = Debug|Any CPU
		{81DDED9D-158B-E303-5F62-77A2896D2A5A}.Debug|x64.ActiveCfg = Debug|Any CPU
		{81DDED9D-158B-E303-5F62-77A2896D2A5A}.Debug|x64.Build.0 = Debug|Any CPU
		{81DDED9D-158B-E303-5F62-77A2896D2A5A}.Debug|x86.ActiveCfg = Debug|Any CPU
		{81DDED9D-158B-E303-5F62-77A2896D2A5A}.Debug|x86.Build.0 = Debug|Any CPU
		{81DDED9D-158B-E303-5F62-77A2896D2A5A}.Release|Any CPU.ActiveCfg = Release|Any CPU
		{81DDED9D-158B-E303-5F62-77A2896D2A5A}.Release|Any CPU.Build.0 = Release|Any CPU
		{81DDED9D-158B-E303-5F62-77A2896D2A5A}.Release|x64.ActiveCfg = Release|Any CPU
		{81DDED9D-158B-E303-5F62-77A2896D2A5A}.Release|x64.Build.0 = Release|Any CPU
		{81DDED9D-158B-E303-5F62-77A2896D2A5A}.Release|x86.ActiveCfg = Release|Any CPU
		{81DDED9D-158B-E303-5F62-77A2896D2A5A}.Release|x86.Build.0 = Release|Any CPU
	EndGlobalSection
	GlobalSection(SolutionProperties) = preSolution
		HideSolutionNode = FALSE
	EndGlobalSection
	GlobalSection(ExtensibilityGlobals) = postSolution
		SolutionGuid = {4607BC2F-A888-46ED-8108-C72C87AED7C9}
	EndGlobalSection
EndGlobal
